// !$*UTF8*$!
{
	archiveVersion = 1;
	classes = {
	};
	objectVersion = 46;
	objects = {

/* Begin PBXBuildFile section */
		23A2165C1C13CFC50096B92A /* Aluno.swift in Sources */ = {isa = PBXBuildFile; fileRef = 23A2165B1C13CFC50096B92A /* Aluno.swift */; };
		23A216661C13CFD30096B92A /* Dia.swift in Sources */ = {isa = PBXBuildFile; fileRef = 23A2165D1C13CFD30096B92A /* Dia.swift */; };
		23A216671C13CFD30096B92A /* Dieta.swift in Sources */ = {isa = PBXBuildFile; fileRef = 23A2165E1C13CFD30096B92A /* Dieta.swift */; };
		23A216681C13CFD30096B92A /* Exercicio.swift in Sources */ = {isa = PBXBuildFile; fileRef = 23A2165F1C13CFD30096B92A /* Exercicio.swift */; };
		23A216691C13CFD30096B92A /* Mensalidade.swift in Sources */ = {isa = PBXBuildFile; fileRef = 23A216601C13CFD30096B92A /* Mensalidade.swift */; };
		23A2166A1C13CFD30096B92A /* Personal.swift in Sources */ = {isa = PBXBuildFile; fileRef = 23A216611C13CFD30096B92A /* Personal.swift */; };
		23A2166B1C13CFD30096B92A /* Refeicao.swift in Sources */ = {isa = PBXBuildFile; fileRef = 23A216621C13CFD30096B92A /* Refeicao.swift */; };
		23A2166C1C13CFD30096B92A /* Transacao.swift in Sources */ = {isa = PBXBuildFile; fileRef = 23A216631C13CFD30096B92A /* Transacao.swift */; };
		23A2166D1C13CFD30096B92A /* Treino.swift in Sources */ = {isa = PBXBuildFile; fileRef = 23A216641C13CFD30096B92A /* Treino.swift */; };
		23A2166E1C13CFD30096B92A /* Usuario.swift in Sources */ = {isa = PBXBuildFile; fileRef = 23A216651C13CFD30096B92A /* Usuario.swift */; };
		23A216701C13D01B0096B92A /* LoginViewController.swift in Sources */ = {isa = PBXBuildFile; fileRef = 23A2166F1C13D01B0096B92A /* LoginViewController.swift */; };
		23A9A2391C136ACF005F3287 /* AppDelegate.swift in Sources */ = {isa = PBXBuildFile; fileRef = 23A9A2381C136ACF005F3287 /* AppDelegate.swift */; };
		23A9A2411C136ACF005F3287 /* Fit_Life.xcdatamodeld in Sources */ = {isa = PBXBuildFile; fileRef = 23A9A23F1C136ACF005F3287 /* Fit_Life.xcdatamodeld */; };
		23A9A2431C136ACF005F3287 /* Assets.xcassets in Resources */ = {isa = PBXBuildFile; fileRef = 23A9A2421C136ACF005F3287 /* Assets.xcassets */; };
		23A9A2461C136AD0005F3287 /* LaunchScreen.storyboard in Resources */ = {isa = PBXBuildFile; fileRef = 23A9A2441C136AD0005F3287 /* LaunchScreen.storyboard */; };
		23A9A2511C136AD1005F3287 /* Fit_LifeTests.swift in Sources */ = {isa = PBXBuildFile; fileRef = 23A9A2501C136AD1005F3287 /* Fit_LifeTests.swift */; };
		23A9A25C1C136AD2005F3287 /* Fit_LifeUITests.swift in Sources */ = {isa = PBXBuildFile; fileRef = 23A9A25B1C136AD2005F3287 /* Fit_LifeUITests.swift */; };
		23A9A2701C136CC4005F3287 /* Main.storyboard in Resources */ = {isa = PBXBuildFile; fileRef = 23A9A26F1C136CC4005F3287 /* Main.storyboard */; };
		6DEDA2E24FCA699E398C4ADA /* Pods_Fit_Life.framework in Frameworks */ = {isa = PBXBuildFile; fileRef = EEA92734B79BF5377493127C /* Pods_Fit_Life.framework */; };
/* End PBXBuildFile section */

/* Begin PBXContainerItemProxy section */
		23A9A24D1C136AD1005F3287 /* PBXContainerItemProxy */ = {
			isa = PBXContainerItemProxy;
			containerPortal = 23A9A22D1C136ACF005F3287 /* Project object */;
			proxyType = 1;
			remoteGlobalIDString = 23A9A2341C136ACF005F3287;
			remoteInfo = "Fit Life";
		};
		23A9A2581C136AD1005F3287 /* PBXContainerItemProxy */ = {
			isa = PBXContainerItemProxy;
			containerPortal = 23A9A22D1C136ACF005F3287 /* Project object */;
			proxyType = 1;
			remoteGlobalIDString = 23A9A2341C136ACF005F3287;
			remoteInfo = "Fit Life";
		};
/* End PBXContainerItemProxy section */

/* Begin PBXFileReference section */
		0F31AA62196CB7B0FB226A63 /* Pods-Fit Life.release.xcconfig */ = {isa = PBXFileReference; includeInIndex = 1; lastKnownFileType = text.xcconfig; name = "Pods-Fit Life.release.xcconfig"; path = "Pods/Target Support Files/Pods-Fit Life/Pods-Fit Life.release.xcconfig"; sourceTree = "<group>"; };
		23A2165B1C13CFC50096B92A /* Aluno.swift */ = {isa = PBXFileReference; fileEncoding = 4; lastKnownFileType = sourcecode.swift; path = Aluno.swift; sourceTree = "<group>"; };
		23A2165D1C13CFD30096B92A /* Dia.swift */ = {isa = PBXFileReference; fileEncoding = 4; lastKnownFileType = sourcecode.swift; path = Dia.swift; sourceTree = "<group>"; };
		23A2165E1C13CFD30096B92A /* Dieta.swift */ = {isa = PBXFileReference; fileEncoding = 4; lastKnownFileType = sourcecode.swift; path = Dieta.swift; sourceTree = "<group>"; };
		23A2165F1C13CFD30096B92A /* Exercicio.swift */ = {isa = PBXFileReference; fileEncoding = 4; lastKnownFileType = sourcecode.swift; path = Exercicio.swift; sourceTree = "<group>"; };
		23A216601C13CFD30096B92A /* Mensalidade.swift */ = {isa = PBXFileReference; fileEncoding = 4; lastKnownFileType = sourcecode.swift; path = Mensalidade.swift; sourceTree = "<group>"; };
		23A216611C13CFD30096B92A /* Personal.swift */ = {isa = PBXFileReference; fileEncoding = 4; lastKnownFileType = sourcecode.swift; path = Personal.swift; sourceTree = "<group>"; };
		23A216621C13CFD30096B92A /* Refeicao.swift */ = {isa = PBXFileReference; fileEncoding = 4; lastKnownFileType = sourcecode.swift; path = Refeicao.swift; sourceTree = "<group>"; };
		23A216631C13CFD30096B92A /* Transacao.swift */ = {isa = PBXFileReference; fileEncoding = 4; lastKnownFileType = sourcecode.swift; path = Transacao.swift; sourceTree = "<group>"; };
		23A216641C13CFD30096B92A /* Treino.swift */ = {isa = PBXFileReference; fileEncoding = 4; lastKnownFileType = sourcecode.swift; path = Treino.swift; sourceTree = "<group>"; };
		23A216651C13CFD30096B92A /* Usuario.swift */ = {isa = PBXFileReference; fileEncoding = 4; lastKnownFileType = sourcecode.swift; path = Usuario.swift; sourceTree = "<group>"; };
		23A2166F1C13D01B0096B92A /* LoginViewController.swift */ = {isa = PBXFileReference; fileEncoding = 4; lastKnownFileType = sourcecode.swift; path = LoginViewController.swift; sourceTree = "<group>"; };
		23A9A2351C136ACF005F3287 /* Fit Life.app */ = {isa = PBXFileReference; explicitFileType = wrapper.application; includeInIndex = 0; path = "Fit Life.app"; sourceTree = BUILT_PRODUCTS_DIR; };
		23A9A2381C136ACF005F3287 /* AppDelegate.swift */ = {isa = PBXFileReference; lastKnownFileType = sourcecode.swift; path = AppDelegate.swift; sourceTree = "<group>"; };
		23A9A2401C136ACF005F3287 /* Fit_Life.xcdatamodel */ = {isa = PBXFileReference; lastKnownFileType = wrapper.xcdatamodel; path = Fit_Life.xcdatamodel; sourceTree = "<group>"; };
		23A9A2421C136ACF005F3287 /* Assets.xcassets */ = {isa = PBXFileReference; lastKnownFileType = folder.assetcatalog; path = Assets.xcassets; sourceTree = "<group>"; };
		23A9A2451C136AD0005F3287 /* Base */ = {isa = PBXFileReference; lastKnownFileType = file.storyboard; name = Base; path = Base.lproj/LaunchScreen.storyboard; sourceTree = "<group>"; };
		23A9A2471C136AD0005F3287 /* Info.plist */ = {isa = PBXFileReference; lastKnownFileType = text.plist.xml; path = Info.plist; sourceTree = "<group>"; };
		23A9A24C1C136AD1005F3287 /* Fit LifeTests.xctest */ = {isa = PBXFileReference; explicitFileType = wrapper.cfbundle; includeInIndex = 0; path = "Fit LifeTests.xctest"; sourceTree = BUILT_PRODUCTS_DIR; };
		23A9A2501C136AD1005F3287 /* Fit_LifeTests.swift */ = {isa = PBXFileReference; lastKnownFileType = sourcecode.swift; path = Fit_LifeTests.swift; sourceTree = "<group>"; };
		23A9A2521C136AD1005F3287 /* Info.plist */ = {isa = PBXFileReference; lastKnownFileType = text.plist.xml; path = Info.plist; sourceTree = "<group>"; };
		23A9A2571C136AD1005F3287 /* Fit LifeUITests.xctest */ = {isa = PBXFileReference; explicitFileType = wrapper.cfbundle; includeInIndex = 0; path = "Fit LifeUITests.xctest"; sourceTree = BUILT_PRODUCTS_DIR; };
		23A9A25B1C136AD2005F3287 /* Fit_LifeUITests.swift */ = {isa = PBXFileReference; lastKnownFileType = sourcecode.swift; path = Fit_LifeUITests.swift; sourceTree = "<group>"; };
		23A9A25D1C136AD2005F3287 /* Info.plist */ = {isa = PBXFileReference; lastKnownFileType = text.plist.xml; path = Info.plist; sourceTree = "<group>"; };
		23A9A26F1C136CC4005F3287 /* Main.storyboard */ = {isa = PBXFileReference; fileEncoding = 4; lastKnownFileType = file.storyboard; path = Main.storyboard; sourceTree = "<group>"; };
		53A4F210423FECA746BA4F6D /* Pods-Fit Life.debug.xcconfig */ = {isa = PBXFileReference; includeInIndex = 1; lastKnownFileType = text.xcconfig; name = "Pods-Fit Life.debug.xcconfig"; path = "Pods/Target Support Files/Pods-Fit Life/Pods-Fit Life.debug.xcconfig"; sourceTree = "<group>"; };
		EEA92734B79BF5377493127C /* Pods_Fit_Life.framework */ = {isa = PBXFileReference; explicitFileType = wrapper.framework; includeInIndex = 0; path = Pods_Fit_Life.framework; sourceTree = BUILT_PRODUCTS_DIR; };
/* End PBXFileReference section */

/* Begin PBXFrameworksBuildPhase section */
		23A9A2321C136ACF005F3287 /* Frameworks */ = {
			isa = PBXFrameworksBuildPhase;
			buildActionMask = 2147483647;
			files = (
				6DEDA2E24FCA699E398C4ADA /* Pods_Fit_Life.framework in Frameworks */,
			);
			runOnlyForDeploymentPostprocessing = 0;
		};
		23A9A2491C136AD1005F3287 /* Frameworks */ = {
			isa = PBXFrameworksBuildPhase;
			buildActionMask = 2147483647;
			files = (
			);
			runOnlyForDeploymentPostprocessing = 0;
		};
		23A9A2541C136AD1005F3287 /* Frameworks */ = {
			isa = PBXFrameworksBuildPhase;
			buildActionMask = 2147483647;
			files = (
			);
			runOnlyForDeploymentPostprocessing = 0;
		};
/* End PBXFrameworksBuildPhase section */

/* Begin PBXGroup section */
		23A2165A1C13CFA50096B92A /* models */ = {
			isa = PBXGroup;
			children = (
				23A2165B1C13CFC50096B92A /* Aluno.swift */,
				23A2165D1C13CFD30096B92A /* Dia.swift */,
				23A2165E1C13CFD30096B92A /* Dieta.swift */,
				23A2165F1C13CFD30096B92A /* Exercicio.swift */,
				23A216601C13CFD30096B92A /* Mensalidade.swift */,
				23A216611C13CFD30096B92A /* Personal.swift */,
				23A216621C13CFD30096B92A /* Refeicao.swift */,
				23A216631C13CFD30096B92A /* Transacao.swift */,
				23A216641C13CFD30096B92A /* Treino.swift */,
				23A216651C13CFD30096B92A /* Usuario.swift */,
			);
			path = models;
			sourceTree = "<group>";
		};
		23A9A22C1C136ACF005F3287 = {
			isa = PBXGroup;
			children = (
				23A9A2371C136ACF005F3287 /* Fit Life */,
				23A9A24F1C136AD1005F3287 /* Fit LifeTests */,
				23A9A25A1C136AD2005F3287 /* Fit LifeUITests */,
				23A9A2361C136ACF005F3287 /* Products */,
				41C54288B7718AEC9F454E56 /* Pods */,
				A9D6368336410DBC99B31F61 /* Frameworks */,
			);
			sourceTree = "<group>";
		};
		23A9A2361C136ACF005F3287 /* Products */ = {
			isa = PBXGroup;
			children = (
				23A9A2351C136ACF005F3287 /* Fit Life.app */,
				23A9A24C1C136AD1005F3287 /* Fit LifeTests.xctest */,
				23A9A2571C136AD1005F3287 /* Fit LifeUITests.xctest */,
			);
			name = Products;
			sourceTree = "<group>";
		};
		23A9A2371C136ACF005F3287 /* Fit Life */ = {
			isa = PBXGroup;
			children = (
				23A2165A1C13CFA50096B92A /* models */,
				23A9A26B1C136B8D005F3287 /* viewcontrollers */,
				23A9A26A1C136B82005F3287 /* views */,
				23A9A2381C136ACF005F3287 /* AppDelegate.swift */,
				23A9A2421C136ACF005F3287 /* Assets.xcassets */,
				23A9A2441C136AD0005F3287 /* LaunchScreen.storyboard */,
				23A9A2471C136AD0005F3287 /* Info.plist */,
				23A9A23F1C136ACF005F3287 /* Fit_Life.xcdatamodeld */,
			);
			path = "Fit Life";
			sourceTree = "<group>";
		};
		23A9A24F1C136AD1005F3287 /* Fit LifeTests */ = {
			isa = PBXGroup;
			children = (
				23A9A2501C136AD1005F3287 /* Fit_LifeTests.swift */,
				23A9A2521C136AD1005F3287 /* Info.plist */,
			);
			path = "Fit LifeTests";
			sourceTree = "<group>";
		};
		23A9A25A1C136AD2005F3287 /* Fit LifeUITests */ = {
			isa = PBXGroup;
			children = (
				23A9A25B1C136AD2005F3287 /* Fit_LifeUITests.swift */,
				23A9A25D1C136AD2005F3287 /* Info.plist */,
			);
			path = "Fit LifeUITests";
			sourceTree = "<group>";
		};
		23A9A26A1C136B82005F3287 /* views */ = {
			isa = PBXGroup;
			children = (
				23A9A26F1C136CC4005F3287 /* Main.storyboard */,
			);
			path = views;
			sourceTree = "<group>";
		};
		23A9A26B1C136B8D005F3287 /* viewcontrollers */ = {
			isa = PBXGroup;
			children = (
				23A2166F1C13D01B0096B92A /* LoginViewController.swift */,
			);
			path = viewcontrollers;
			sourceTree = "<group>";
		};
		41C54288B7718AEC9F454E56 /* Pods */ = {
			isa = PBXGroup;
			children = (
				53A4F210423FECA746BA4F6D /* Pods-Fit Life.debug.xcconfig */,
				0F31AA62196CB7B0FB226A63 /* Pods-Fit Life.release.xcconfig */,
			);
			name = Pods;
			sourceTree = "<group>";
		};
		A9D6368336410DBC99B31F61 /* Frameworks */ = {
			isa = PBXGroup;
			children = (
				EEA92734B79BF5377493127C /* Pods_Fit_Life.framework */,
			);
			name = Frameworks;
			sourceTree = "<group>";
		};
/* End PBXGroup section */

/* Begin PBXNativeTarget section */
		23A9A2341C136ACF005F3287 /* Fit Life */ = {
			isa = PBXNativeTarget;
			buildConfigurationList = 23A9A2601C136AD2005F3287 /* Build configuration list for PBXNativeTarget "Fit Life" */;
			buildPhases = (
				0B9D512AE6DB450A367E4DAB /* Check Pods Manifest.lock */,
				23A9A2311C136ACF005F3287 /* Sources */,
				23A9A2321C136ACF005F3287 /* Frameworks */,
				23A9A2331C136ACF005F3287 /* Resources */,
				2A6DBFF33C9301C7E8F229AB /* Embed Pods Frameworks */,
				28CD6C7AE1844117C06F9BEA /* Copy Pods Resources */,
			);
			buildRules = (
			);
			dependencies = (
			);
			name = "Fit Life";
			productName = "Fit Life";
			productReference = 23A9A2351C136ACF005F3287 /* Fit Life.app */;
			productType = "com.apple.product-type.application";
		};
		23A9A24B1C136AD1005F3287 /* Fit LifeTests */ = {
			isa = PBXNativeTarget;
			buildConfigurationList = 23A9A2631C136AD2005F3287 /* Build configuration list for PBXNativeTarget "Fit LifeTests" */;
			buildPhases = (
				23A9A2481C136AD1005F3287 /* Sources */,
				23A9A2491C136AD1005F3287 /* Frameworks */,
				23A9A24A1C136AD1005F3287 /* Resources */,
			);
			buildRules = (
			);
			dependencies = (
				23A9A24E1C136AD1005F3287 /* PBXTargetDependency */,
			);
			name = "Fit LifeTests";
			productName = "Fit LifeTests";
			productReference = 23A9A24C1C136AD1005F3287 /* Fit LifeTests.xctest */;
			productType = "com.apple.product-type.bundle.unit-test";
		};
		23A9A2561C136AD1005F3287 /* Fit LifeUITests */ = {
			isa = PBXNativeTarget;
			buildConfigurationList = 23A9A2661C136AD2005F3287 /* Build configuration list for PBXNativeTarget "Fit LifeUITests" */;
			buildPhases = (
				23A9A2531C136AD1005F3287 /* Sources */,
				23A9A2541C136AD1005F3287 /* Frameworks */,
				23A9A2551C136AD1005F3287 /* Resources */,
			);
			buildRules = (
			);
			dependencies = (
				23A9A2591C136AD1005F3287 /* PBXTargetDependency */,
			);
			name = "Fit LifeUITests";
			productName = "Fit LifeUITests";
			productReference = 23A9A2571C136AD1005F3287 /* Fit LifeUITests.xctest */;
			productType = "com.apple.product-type.bundle.ui-testing";
		};
/* End PBXNativeTarget section */

/* Begin PBXProject section */
		23A9A22D1C136ACF005F3287 /* Project object */ = {
			isa = PBXProject;
			attributes = {
				LastSwiftUpdateCheck = 0710;
				LastUpgradeCheck = 0710;
				ORGANIZATIONNAME = CodingLab;
				TargetAttributes = {
					23A9A2341C136ACF005F3287 = {
						CreatedOnToolsVersion = 7.1.1;
						DevelopmentTeam = 7UPQ6GDE2B;
					};
					23A9A24B1C136AD1005F3287 = {
						CreatedOnToolsVersion = 7.1.1;
						DevelopmentTeam = 7UPQ6GDE2B;
						TestTargetID = 23A9A2341C136ACF005F3287;
					};
					23A9A2561C136AD1005F3287 = {
						CreatedOnToolsVersion = 7.1.1;
						DevelopmentTeam = 7UPQ6GDE2B;
						TestTargetID = 23A9A2341C136ACF005F3287;
					};
				};
			};
			buildConfigurationList = 23A9A2301C136ACF005F3287 /* Build configuration list for PBXProject "Fit Life" */;
			compatibilityVersion = "Xcode 3.2";
			developmentRegion = English;
			hasScannedForEncodings = 0;
			knownRegions = (
				en,
				Base,
			);
			mainGroup = 23A9A22C1C136ACF005F3287;
			productRefGroup = 23A9A2361C136ACF005F3287 /* Products */;
			projectDirPath = "";
			projectRoot = "";
			targets = (
				23A9A2341C136ACF005F3287 /* Fit Life */,
				23A9A24B1C136AD1005F3287 /* Fit LifeTests */,
				23A9A2561C136AD1005F3287 /* Fit LifeUITests */,
			);
		};
/* End PBXProject section */

/* Begin PBXResourcesBuildPhase section */
		23A9A2331C136ACF005F3287 /* Resources */ = {
			isa = PBXResourcesBuildPhase;
			buildActionMask = 2147483647;
			files = (
				23A9A2701C136CC4005F3287 /* Main.storyboard in Resources */,
				23A9A2461C136AD0005F3287 /* LaunchScreen.storyboard in Resources */,
				23A9A2431C136ACF005F3287 /* Assets.xcassets in Resources */,
			);
			runOnlyForDeploymentPostprocessing = 0;
		};
		23A9A24A1C136AD1005F3287 /* Resources */ = {
			isa = PBXResourcesBuildPhase;
			buildActionMask = 2147483647;
			files = (
			);
			runOnlyForDeploymentPostprocessing = 0;
		};
		23A9A2551C136AD1005F3287 /* Resources */ = {
			isa = PBXResourcesBuildPhase;
			buildActionMask = 2147483647;
			files = (
			);
			runOnlyForDeploymentPostprocessing = 0;
		};
/* End PBXResourcesBuildPhase section */

/* Begin PBXShellScriptBuildPhase section */
		0B9D512AE6DB450A367E4DAB /* Check Pods Manifest.lock */ = {
			isa = PBXShellScriptBuildPhase;
			buildActionMask = 2147483647;
			files = (
			);
			inputPaths = (
			);
			name = "Check Pods Manifest.lock";
			outputPaths = (
			);
			runOnlyForDeploymentPostprocessing = 0;
			shellPath = /bin/sh;
			shellScript = "diff \"${PODS_ROOT}/../Podfile.lock\" \"${PODS_ROOT}/Manifest.lock\" > /dev/null\nif [[ $? != 0 ]] ; then\n    cat << EOM\nerror: The sandbox is not in sync with the Podfile.lock. Run 'pod install' or update your CocoaPods installation.\nEOM\n    exit 1\nfi\n";
			showEnvVarsInLog = 0;
		};
		28CD6C7AE1844117C06F9BEA /* Copy Pods Resources */ = {
			isa = PBXShellScriptBuildPhase;
			buildActionMask = 2147483647;
			files = (
			);
			inputPaths = (
			);
			name = "Copy Pods Resources";
			outputPaths = (
			);
			runOnlyForDeploymentPostprocessing = 0;
			shellPath = /bin/sh;
			shellScript = "\"${SRCROOT}/Pods/Target Support Files/Pods-Fit Life/Pods-Fit Life-resources.sh\"\n";
			showEnvVarsInLog = 0;
		};
		2A6DBFF33C9301C7E8F229AB /* Embed Pods Frameworks */ = {
			isa = PBXShellScriptBuildPhase;
			buildActionMask = 2147483647;
			files = (
			);
			inputPaths = (
			);
			name = "Embed Pods Frameworks";
			outputPaths = (
			);
			runOnlyForDeploymentPostprocessing = 0;
			shellPath = /bin/sh;
			shellScript = "\"${SRCROOT}/Pods/Target Support Files/Pods-Fit Life/Pods-Fit Life-frameworks.sh\"\n";
			showEnvVarsInLog = 0;
		};
/* End PBXShellScriptBuildPhase section */

/* Begin PBXSourcesBuildPhase section */
		23A9A2311C136ACF005F3287 /* Sources */ = {
			isa = PBXSourcesBuildPhase;
			buildActionMask = 2147483647;
			files = (
				23A216701C13D01B0096B92A /* LoginViewController.swift in Sources */,
				23A2166E1C13CFD30096B92A /* Usuario.swift in Sources */,
				23A2166D1C13CFD30096B92A /* Treino.swift in Sources */,
				23A2166B1C13CFD30096B92A /* Refeicao.swift in Sources */,
				23A2165C1C13CFC50096B92A /* Aluno.swift in Sources */,
				23A9A2411C136ACF005F3287 /* Fit_Life.xcdatamodeld in Sources */,
				23A2166A1C13CFD30096B92A /* Personal.swift in Sources */,
				23A216691C13CFD30096B92A /* Mensalidade.swift in Sources */,
				23A216671C13CFD30096B92A /* Dieta.swift in Sources */,
				23A216681C13CFD30096B92A /* Exercicio.swift in Sources */,
				23A216661C13CFD30096B92A /* Dia.swift in Sources */,
				23A2166C1C13CFD30096B92A /* Transacao.swift in Sources */,
				23A9A2391C136ACF005F3287 /* AppDelegate.swift in Sources */,
			);
			runOnlyForDeploymentPostprocessing = 0;
		};
		23A9A2481C136AD1005F3287 /* Sources */ = {
			isa = PBXSourcesBuildPhase;
			buildActionMask = 2147483647;
			files = (
				23A9A2511C136AD1005F3287 /* Fit_LifeTests.swift in Sources */,
			);
			runOnlyForDeploymentPostprocessing = 0;
		};
		23A9A2531C136AD1005F3287 /* Sources */ = {
			isa = PBXSourcesBuildPhase;
			buildActionMask = 2147483647;
			files = (
				23A9A25C1C136AD2005F3287 /* Fit_LifeUITests.swift in Sources */,
			);
			runOnlyForDeploymentPostprocessing = 0;
		};
/* End PBXSourcesBuildPhase section */

/* Begin PBXTargetDependency section */
		23A9A24E1C136AD1005F3287 /* PBXTargetDependency */ = {
			isa = PBXTargetDependency;
			target = 23A9A2341C136ACF005F3287 /* Fit Life */;
			targetProxy = 23A9A24D1C136AD1005F3287 /* PBXContainerItemProxy */;
		};
		23A9A2591C136AD1005F3287 /* PBXTargetDependency */ = {
			isa = PBXTargetDependency;
			target = 23A9A2341C136ACF005F3287 /* Fit Life */;
			targetProxy = 23A9A2581C136AD1005F3287 /* PBXContainerItemProxy */;
		};
/* End PBXTargetDependency section */

/* Begin PBXVariantGroup section */
		23A9A2441C136AD0005F3287 /* LaunchScreen.storyboard */ = {
			isa = PBXVariantGroup;
			children = (
				23A9A2451C136AD0005F3287 /* Base */,
			);
			name = LaunchScreen.storyboard;
			sourceTree = "<group>";
		};
/* End PBXVariantGroup section */

/* Begin XCBuildConfiguration section */
		23A9A25E1C136AD2005F3287 /* Debug */ = {
			isa = XCBuildConfiguration;
			buildSettings = {
				ALWAYS_SEARCH_USER_PATHS = NO;
				CLANG_CXX_LANGUAGE_STANDARD = "gnu++0x";
				CLANG_CXX_LIBRARY = "libc++";
				CLANG_ENABLE_MODULES = YES;
				CLANG_ENABLE_OBJC_ARC = YES;
				CLANG_WARN_BOOL_CONVERSION = YES;
				CLANG_WARN_CONSTANT_CONVERSION = YES;
				CLANG_WARN_DIRECT_OBJC_ISA_USAGE = YES_ERROR;
				CLANG_WARN_EMPTY_BODY = YES;
				CLANG_WARN_ENUM_CONVERSION = YES;
				CLANG_WARN_INT_CONVERSION = YES;
				CLANG_WARN_OBJC_ROOT_CLASS = YES_ERROR;
				CLANG_WARN_UNREACHABLE_CODE = YES;
				CLANG_WARN__DUPLICATE_METHOD_MATCH = YES;
				"CODE_SIGN_IDENTITY[sdk=iphoneos*]" = "iPhone Developer";
				COPY_PHASE_STRIP = NO;
				DEBUG_INFORMATION_FORMAT = dwarf;
				ENABLE_STRICT_OBJC_MSGSEND = YES;
				ENABLE_TESTABILITY = YES;
				GCC_C_LANGUAGE_STANDARD = gnu99;
				GCC_DYNAMIC_NO_PIC = NO;
				GCC_NO_COMMON_BLOCKS = YES;
				GCC_OPTIMIZATION_LEVEL = 0;
				GCC_PREPROCESSOR_DEFINITIONS = (
					"DEBUG=1",
					"$(inherited)",
				);
				GCC_WARN_64_TO_32_BIT_CONVERSION = YES;
				GCC_WARN_ABOUT_RETURN_TYPE = YES_ERROR;
				GCC_WARN_UNDECLARED_SELECTOR = YES;
				GCC_WARN_UNINITIALIZED_AUTOS = YES_AGGRESSIVE;
				GCC_WARN_UNUSED_FUNCTION = YES;
				GCC_WARN_UNUSED_VARIABLE = YES;
				IPHONEOS_DEPLOYMENT_TARGET = 9.1;
				MTL_ENABLE_DEBUG_INFO = YES;
				ONLY_ACTIVE_ARCH = YES;
				SDKROOT = iphoneos;
				SWIFT_OPTIMIZATION_LEVEL = "-Onone";
			};
			name = Debug;
		};
		23A9A25F1C136AD2005F3287 /* Release */ = {
			isa = XCBuildConfiguration;
			buildSettings = {
				ALWAYS_SEARCH_USER_PATHS = NO;
				CLANG_CXX_LANGUAGE_STANDARD = "gnu++0x";
				CLANG_CXX_LIBRARY = "libc++";
				CLANG_ENABLE_MODULES = YES;
				CLANG_ENABLE_OBJC_ARC = YES;
				CLANG_WARN_BOOL_CONVERSION = YES;
				CLANG_WARN_CONSTANT_CONVERSION = YES;
				CLANG_WARN_DIRECT_OBJC_ISA_USAGE = YES_ERROR;
				CLANG_WARN_EMPTY_BODY = YES;
				CLANG_WARN_ENUM_CONVERSION = YES;
				CLANG_WARN_INT_CONVERSION = YES;
				CLANG_WARN_OBJC_ROOT_CLASS = YES_ERROR;
				CLANG_WARN_UNREACHABLE_CODE = YES;
				CLANG_WARN__DUPLICATE_METHOD_MATCH = YES;
				"CODE_SIGN_IDENTITY[sdk=iphoneos*]" = "iPhone Developer";
				COPY_PHASE_STRIP = NO;
				DEBUG_INFORMATION_FORMAT = "dwarf-with-dsym";
				ENABLE_NS_ASSERTIONS = NO;
				ENABLE_STRICT_OBJC_MSGSEND = YES;
				GCC_C_LANGUAGE_STANDARD = gnu99;
				GCC_NO_COMMON_BLOCKS = YES;
				GCC_WARN_64_TO_32_BIT_CONVERSION = YES;
				GCC_WARN_ABOUT_RETURN_TYPE = YES_ERROR;
				GCC_WARN_UNDECLARED_SELECTOR = YES;
				GCC_WARN_UNINITIALIZED_AUTOS = YES_AGGRESSIVE;
				GCC_WARN_UNUSED_FUNCTION = YES;
				GCC_WARN_UNUSED_VARIABLE = YES;
				IPHONEOS_DEPLOYMENT_TARGET = 9.1;
				MTL_ENABLE_DEBUG_INFO = NO;
				SDKROOT = iphoneos;
				VALIDATE_PRODUCT = YES;
			};
			name = Release;
		};
		23A9A2611C136AD2005F3287 /* Debug */ = {
			isa = XCBuildConfiguration;
			baseConfigurationReference = 53A4F210423FECA746BA4F6D /* Pods-Fit Life.debug.xcconfig */;
			buildSettings = {
				ASSETCATALOG_COMPILER_APPICON_NAME = AppIcon;
				INFOPLIST_FILE = "Fit Life/Info.plist";
				IPHONEOS_DEPLOYMENT_TARGET = 8.0;
				LD_RUNPATH_SEARCH_PATHS = "$(inherited) @executable_path/Frameworks";
				PRODUCT_BUNDLE_IDENTIFIER = "br.com.codinglab.Fit-Life";
				PRODUCT_NAME = "$(TARGET_NAME)";
			};
			name = Debug;
		};
		23A9A2621C136AD2005F3287 /* Release */ = {
			isa = XCBuildConfiguration;
			baseConfigurationReference = 0F31AA62196CB7B0FB226A63 /* Pods-Fit Life.release.xcconfig */;
			buildSettings = {
				ASSETCATALOG_COMPILER_APPICON_NAME = AppIcon;
				INFOPLIST_FILE = "Fit Life/Info.plist";
				IPHONEOS_DEPLOYMENT_TARGET = 8.0;
				LD_RUNPATH_SEARCH_PATHS = "$(inherited) @executable_path/Frameworks";
				PRODUCT_BUNDLE_IDENTIFIER = "br.com.codinglab.Fit-Life";
				PRODUCT_NAME = "$(TARGET_NAME)";
			};
			name = Release;
		};
		23A9A2641C136AD2005F3287 /* Debug */ = {
			isa = XCBuildConfiguration;
			buildSettings = {
				BUNDLE_LOADER = "$(TEST_HOST)";
				INFOPLIST_FILE = "Fit LifeTests/Info.plist";
				LD_RUNPATH_SEARCH_PATHS = "$(inherited) @executable_path/Frameworks @loader_path/Frameworks";
				PRODUCT_BUNDLE_IDENTIFIER = "br.com.codinglab.Fit-LifeTests";
				PRODUCT_NAME = "$(TARGET_NAME)";
				TEST_HOST = "$(BUILT_PRODUCTS_DIR)/Fit Life.app/Fit Life";
			};
			name = Debug;
		};
		23A9A2651C136AD2005F3287 /* Release */ = {
			isa = XCBuildConfiguration;
			buildSettings = {
				BUNDLE_LOADER = "$(TEST_HOST)";
				INFOPLIST_FILE = "Fit LifeTests/Info.plist";
				LD_RUNPATH_SEARCH_PATHS = "$(inherited) @executable_path/Frameworks @loader_path/Frameworks";
				PRODUCT_BUNDLE_IDENTIFIER = "br.com.codinglab.Fit-LifeTests";
				PRODUCT_NAME = "$(TARGET_NAME)";
				TEST_HOST = "$(BUILT_PRODUCTS_DIR)/Fit Life.app/Fit Life";
			};
			name = Release;
		};
		23A9A2671C136AD2005F3287 /* Debug */ = {
			isa = XCBuildConfiguration;
			buildSettings = {
				INFOPLIST_FILE = "Fit LifeUITests/Info.plist";
				LD_RUNPATH_SEARCH_PATHS = "$(inherited) @executable_path/Frameworks @loader_path/Frameworks";
				PRODUCT_BUNDLE_IDENTIFIER = "br.com.codinglab.Fit-LifeUITests";
				PRODUCT_NAME = "$(TARGET_NAME)";
				TEST_TARGET_NAME = "Fit Life";
				USES_XCTRUNNER = YES;
			};
			name = Debug;
		};
		23A9A2681C136AD2005F3287 /* Release */ = {
			isa = XCBuildConfiguration;
			buildSettings = {
				INFOPLIST_FILE = "Fit LifeUITests/Info.plist";
				LD_RUNPATH_SEARCH_PATHS = "$(inherited) @executable_path/Frameworks @loader_path/Frameworks";
				PRODUCT_BUNDLE_IDENTIFIER = "br.com.codinglab.Fit-LifeUITests";
				PRODUCT_NAME = "$(TARGET_NAME)";
				TEST_TARGET_NAME = "Fit Life";
				USES_XCTRUNNER = YES;
			};
			name = Release;
		};
/* End XCBuildConfiguration section */

/* Begin XCConfigurationList section */
		23A9A2301C136ACF005F3287 /* Build configuration list for PBXProject "Fit Life" */ = {
			isa = XCConfigurationList;
			buildConfigurations = (
				23A9A25E1C136AD2005F3287 /* Debug */,
				23A9A25F1C136AD2005F3287 /* Release */,
			);
			defaultConfigurationIsVisible = 0;
			defaultConfigurationName = Release;
		};
		23A9A2601C136AD2005F3287 /* Build configuration list for PBXNativeTarget "Fit Life" */ = {
			isa = XCConfigurationList;
			buildConfigurations = (
				23A9A2611C136AD2005F3287 /* Debug */,
				23A9A2621C136AD2005F3287 /* Release */,
			);
			defaultConfigurationIsVisible = 0;
			defaultConfigurationName = Release;
		};
		23A9A2631C136AD2005F3287 /* Build configuration list for PBXNativeTarget "Fit LifeTests" */ = {
			isa = XCConfigurationList;
			buildConfigurations = (
				23A9A2641C136AD2005F3287 /* Debug */,
				23A9A2651C136AD2005F3287 /* Release */,
			);
			defaultConfigurationIsVisible = 0;
			defaultConfigurationName = Release;
		};
		23A9A2661C136AD2005F3287 /* Build configuration list for PBXNativeTarget "Fit LifeUITests" */ = {
			isa = XCConfigurationList;
			buildConfigurations = (
				23A9A2671C136AD2005F3287 /* Debug */,
				23A9A2681C136AD2005F3287 /* Release */,
			);
			defaultConfigurationIsVisible = 0;
			defaultConfigurationName = Release;
		};
/* End XCConfigurationList section */

/* Begin XCVersionGroup section */
		23A9A23F1C136ACF005F3287 /* Fit_Life.xcdatamodeld */ = {
			isa = XCVersionGroup;
			children = (
				23A9A2401C136ACF005F3287 /* Fit_Life.xcdatamodel */,
			);
			currentVersion = 23A9A2401C136ACF005F3287 /* Fit_Life.xcdatamodel */;
			path = Fit_Life.xcdatamodeld;
			sourceTree = "<group>";
			versionGroupType = wrapper.xcdatamodel;
		};
/* End XCVersionGroup section */
	};
	rootObject = 23A9A22D1C136ACF005F3287 /* Project object */;
}
